PODS:
  - onnxruntime-c (1.14.0)
  - onnxruntime-objc (1.14.0):
    - onnxruntime-objc/Core (= 1.14.0)
  - onnxruntime-objc/Core (1.14.0):
    - onnxruntime-c (= 1.14.0)
  - SpeakerEmbeddingForiOS (0.1.0):
    - onnxruntime-objc
  - WhisperDiarization (0.1.6):
    - SpeakerEmbeddingForiOS

DEPENDENCIES:
  - SpeakerEmbeddingForiOS
  - WhisperDiarization (from `../`)

SPEC REPOS:
  "git@github.com:NeoWorldTeam/ComeSocialSpecs.git":
    - SpeakerEmbeddingForiOS
  https://mirrors.tuna.tsinghua.edu.cn/git/CocoaPods/Specs.git:
    - onnxruntime-c
    - onnxruntime-objc

EXTERNAL SOURCES:
  WhisperDiarization:
    :path: "../"

SPEC CHECKSUMS:
  onnxruntime-c: 1f5923e555122d12239a1173229d6c5e8a0afd3e
  onnxruntime-objc: d4542b141e06b3ecb98b36f226ef47db0d9add36
  SpeakerEmbeddingForiOS: 90a1093ec066ff8b82f3959ebef49f53cec2bf0b
  WhisperDiarization: 7b7181952265b9ad640118ce988d41be5b205551

PODFILE CHECKSUM: 6d57e616dab6cef5944bac2dd1f42243f739ab8e

COCOAPODS: 1.11.3
